
Microsoft Visual Studio Solution File, Format Version 12.00
# Visual Studio Version 17
VisualStudioVersion = 17.2.32616.157
MinimumVisualStudioVersion = 10.0.40219.1
Project("{9A19103F-16F7-4668-BE54-9A1E7A4F7556}") = "ClientSideBoard", "ClientSideBoard.csproj", "{B91BBA60-44E2-4C97-961C-49D344EDEDFC}"
EndProject
Project("{9A19103F-16F7-4668-BE54-9A1E7A4F7556}") = "GodlessBoard", "..\GodlessBoard\GodlessBoard.csproj", "{091E97C3-B305-46C4-AC6C-EDEEF93A27BD}"
EndProject
Project("{9A19103F-16F7-4668-BE54-9A1E7A4F7556}") = "DiceEngine", "..\DiceEngine\DiceEngine.csproj", "{92B726CA-09C7-4C8C-A096-0B8F0E653F9C}"
EndProject
Project("{9A19103F-16F7-4668-BE54-9A1E7A4F7556}") = "GameModel", "..\GameModel\GameModel.csproj", "{D45D591E-FC3C-4C09-B8D6-BE2930B0E6FE}"
EndProject
Global
	GlobalSection(SolutionConfigurationPlatforms) = preSolution
		Debug|Any CPU = Debug|Any CPU
		Release|Any CPU = Release|Any CPU
	EndGlobalSection
	GlobalSection(ProjectConfigurationPlatforms) = postSolution
		{B91BBA60-44E2-4C97-961C-49D344EDEDFC}.Debug|Any CPU.ActiveCfg = Debug|Any CPU
		{B91BBA60-44E2-4C97-961C-49D344EDEDFC}.Debug|Any CPU.Build.0 = Debug|Any CPU
		{B91BBA60-44E2-4C97-961C-49D344EDEDFC}.Release|Any CPU.ActiveCfg = Release|Any CPU
		{B91BBA60-44E2-4C97-961C-49D344EDEDFC}.Release|Any CPU.Build.0 = Release|Any CPU
		{091E97C3-B305-46C4-AC6C-EDEEF93A27BD}.Debug|Any CPU.ActiveCfg = Debug|Any CPU
		{091E97C3-B305-46C4-AC6C-EDEEF93A27BD}.Debug|Any CPU.Build.0 = Debug|Any CPU
		{091E97C3-B305-46C4-AC6C-EDEEF93A27BD}.Release|Any CPU.ActiveCfg = Release|Any CPU
		{091E97C3-B305-46C4-AC6C-EDEEF93A27BD}.Release|Any CPU.Build.0 = Release|Any CPU
		{92B726CA-09C7-4C8C-A096-0B8F0E653F9C}.Debug|Any CPU.ActiveCfg = Debug|Any CPU
		{92B726CA-09C7-4C8C-A096-0B8F0E653F9C}.Debug|Any CPU.Build.0 = Debug|Any CPU
		{92B726CA-09C7-4C8C-A096-0B8F0E653F9C}.Release|Any CPU.ActiveCfg = Release|Any CPU
		{92B726CA-09C7-4C8C-A096-0B8F0E653F9C}.Release|Any CPU.Build.0 = Release|Any CPU
		{D45D591E-FC3C-4C09-B8D6-BE2930B0E6FE}.Debug|Any CPU.ActiveCfg = Debug|Any CPU
		{D45D591E-FC3C-4C09-B8D6-BE2930B0E6FE}.Debug|Any CPU.Build.0 = Debug|Any CPU
		{D45D591E-FC3C-4C09-B8D6-BE2930B0E6FE}.Release|Any CPU.ActiveCfg = Release|Any CPU
		{D45D591E-FC3C-4C09-B8D6-BE2930B0E6FE}.Release|Any CPU.Build.0 = Release|Any CPU
	EndGlobalSection
	GlobalSection(SolutionProperties) = preSolution
		HideSolutionNode = FALSE
	EndGlobalSection
	GlobalSection(ExtensibilityGlobals) = postSolution
		SolutionGuid = {9CB972D1-4EA3-404B-98D5-C7C124D1159F}
	EndGlobalSection
EndGlobal
